// !$*UTF8*$!
{
	archiveVersion = 1;
	classes = {
	};
	objectVersion = 48;
	objects = {

/* Begin PBXBuildFile section */
		6D96A6D38CBD01936B15F1AA /* Pods_PensivUITests.framework in Frameworks */ = {isa = PBXBuildFile; fileRef = 2DB0A5E8AD6C890F53B2F75F /* Pods_PensivUITests.framework */; };
		75BFB02A3DD147ADA5D536A4 /* Pods_Pensiv.framework in Frameworks */ = {isa = PBXBuildFile; fileRef = 1659FEF55C078500372B467C /* Pods_Pensiv.framework */; };
		BF4B28322010F61200FE943B /* PCrawlingNode.swift in Sources */ = {isa = PBXBuildFile; fileRef = BF4B28312010F61200FE943B /* PCrawlingNode.swift */; };
		BF907E7E200D207D002257D3 /* WordCrawlingDemo.swift in Sources */ = {isa = PBXBuildFile; fileRef = BF907E7D200D207D002257D3 /* WordCrawlingDemo.swift */; };
		BF9BE8672032059A00F2B269 /* PTextNode.swift in Sources */ = {isa = PBXBuildFile; fileRef = BF9BE8662032059A00F2B269 /* PTextNode.swift */; };
		BFB14FFA1FB1F049008D0BCE /* AppDelegate.swift in Sources */ = {isa = PBXBuildFile; fileRef = BFB14FF91FB1F049008D0BCE /* AppDelegate.swift */; };
		BFB14FFC1FB1F049008D0BCE /* ViewController.swift in Sources */ = {isa = PBXBuildFile; fileRef = BFB14FFB1FB1F049008D0BCE /* ViewController.swift */; };
		BFB14FFF1FB1F049008D0BCE /* Pensiv.xcdatamodeld in Sources */ = {isa = PBXBuildFile; fileRef = BFB14FFD1FB1F049008D0BCE /* Pensiv.xcdatamodeld */; };
		BFB150011FB1F049008D0BCE /* Assets.xcassets in Resources */ = {isa = PBXBuildFile; fileRef = BFB150001FB1F049008D0BCE /* Assets.xcassets */; };
		BFB150041FB1F049008D0BCE /* Main.storyboard in Resources */ = {isa = PBXBuildFile; fileRef = BFB150021FB1F049008D0BCE /* Main.storyboard */; };
		BFB150101FB1F04A008D0BCE /* PensivTests.swift in Sources */ = {isa = PBXBuildFile; fileRef = BFB1500F1FB1F04A008D0BCE /* PensivTests.swift */; };
		BFB1501B1FB1F04A008D0BCE /* PensivUITests.swift in Sources */ = {isa = PBXBuildFile; fileRef = BFB1501A1FB1F04A008D0BCE /* PensivUITests.swift */; };
		BFB150291FB1F569008D0BCE /* PNode.swift in Sources */ = {isa = PBXBuildFile; fileRef = BFB150281FB1F569008D0BCE /* PNode.swift */; };
		BFB1502B1FB1F574008D0BCE /* PLink.swift in Sources */ = {isa = PBXBuildFile; fileRef = BFB1502A1FB1F574008D0BCE /* PLink.swift */; };
		BFC18F892061346A00581219 /* PNodeMap.swift in Sources */ = {isa = PBXBuildFile; fileRef = BFC18F882061346A00581219 /* PNodeMap.swift */; };
		BFD2B80C2008F9230043509D /* PDataManager.swift in Sources */ = {isa = PBXBuildFile; fileRef = BFD2B80B2008F9230043509D /* PDataManager.swift */; };
		BFFF40E21FC09CCD00A83D59 /* PCustomView.swift in Sources */ = {isa = PBXBuildFile; fileRef = BFFF40E11FC09CCD00A83D59 /* PCustomView.swift */; };
		D8C4004C1EC18549B362C055 /* Pods_PensivTests.framework in Frameworks */ = {isa = PBXBuildFile; fileRef = B3101B677C23271C50C1C900 /* Pods_PensivTests.framework */; };
/* End PBXBuildFile section */

/* Begin PBXContainerItemProxy section */
		BFB1500C1FB1F04A008D0BCE /* PBXContainerItemProxy */ = {
			isa = PBXContainerItemProxy;
			containerPortal = BFB14FEE1FB1F049008D0BCE /* Project object */;
			proxyType = 1;
			remoteGlobalIDString = BFB14FF51FB1F049008D0BCE;
			remoteInfo = Pensiv;
		};
		BFB150171FB1F04A008D0BCE /* PBXContainerItemProxy */ = {
			isa = PBXContainerItemProxy;
			containerPortal = BFB14FEE1FB1F049008D0BCE /* Project object */;
			proxyType = 1;
			remoteGlobalIDString = BFB14FF51FB1F049008D0BCE;
			remoteInfo = Pensiv;
		};
/* End PBXContainerItemProxy section */

/* Begin PBXFileReference section */
		0F925F66C094AA95B7625064 /* Pods-Pensiv.release.xcconfig */ = {isa = PBXFileReference; includeInIndex = 1; lastKnownFileType = text.xcconfig; name = "Pods-Pensiv.release.xcconfig"; path = "Pods/Target Support Files/Pods-Pensiv/Pods-Pensiv.release.xcconfig"; sourceTree = "<group>"; };
		1659FEF55C078500372B467C /* Pods_Pensiv.framework */ = {isa = PBXFileReference; explicitFileType = wrapper.framework; includeInIndex = 0; path = Pods_Pensiv.framework; sourceTree = BUILT_PRODUCTS_DIR; };
		2DB0A5E8AD6C890F53B2F75F /* Pods_PensivUITests.framework */ = {isa = PBXFileReference; explicitFileType = wrapper.framework; includeInIndex = 0; path = Pods_PensivUITests.framework; sourceTree = BUILT_PRODUCTS_DIR; };
		4F91D93FBF7FF743D86B7FC0 /* Pods-PensivTests.debug.xcconfig */ = {isa = PBXFileReference; includeInIndex = 1; lastKnownFileType = text.xcconfig; name = "Pods-PensivTests.debug.xcconfig"; path = "Pods/Target Support Files/Pods-PensivTests/Pods-PensivTests.debug.xcconfig"; sourceTree = "<group>"; };
		B3101B677C23271C50C1C900 /* Pods_PensivTests.framework */ = {isa = PBXFileReference; explicitFileType = wrapper.framework; includeInIndex = 0; path = Pods_PensivTests.framework; sourceTree = BUILT_PRODUCTS_DIR; };
		BF4B28312010F61200FE943B /* PCrawlingNode.swift */ = {isa = PBXFileReference; lastKnownFileType = sourcecode.swift; path = PCrawlingNode.swift; sourceTree = "<group>"; };
		BF907E7D200D207D002257D3 /* WordCrawlingDemo.swift */ = {isa = PBXFileReference; lastKnownFileType = sourcecode.swift; path = WordCrawlingDemo.swift; sourceTree = "<group>"; };
		BF9BE8662032059A00F2B269 /* PTextNode.swift */ = {isa = PBXFileReference; lastKnownFileType = sourcecode.swift; path = PTextNode.swift; sourceTree = "<group>"; };
		BFB14FF61FB1F049008D0BCE /* Pensiv.app */ = {isa = PBXFileReference; explicitFileType = wrapper.application; includeInIndex = 0; path = Pensiv.app; sourceTree = BUILT_PRODUCTS_DIR; };
		BFB14FF91FB1F049008D0BCE /* AppDelegate.swift */ = {isa = PBXFileReference; lastKnownFileType = sourcecode.swift; path = AppDelegate.swift; sourceTree = "<group>"; };
		BFB14FFB1FB1F049008D0BCE /* ViewController.swift */ = {isa = PBXFileReference; lastKnownFileType = sourcecode.swift; path = ViewController.swift; sourceTree = "<group>"; };
		BFB14FFE1FB1F049008D0BCE /* Pensiv.xcdatamodel */ = {isa = PBXFileReference; lastKnownFileType = wrapper.xcdatamodel; path = Pensiv.xcdatamodel; sourceTree = "<group>"; };
		BFB150001FB1F049008D0BCE /* Assets.xcassets */ = {isa = PBXFileReference; lastKnownFileType = folder.assetcatalog; path = Assets.xcassets; sourceTree = "<group>"; };
		BFB150031FB1F049008D0BCE /* Base */ = {isa = PBXFileReference; lastKnownFileType = file.storyboard; name = Base; path = Base.lproj/Main.storyboard; sourceTree = "<group>"; };
		BFB150051FB1F049008D0BCE /* Info.plist */ = {isa = PBXFileReference; lastKnownFileType = text.plist.xml; path = Info.plist; sourceTree = "<group>"; };
		BFB150061FB1F049008D0BCE /* Pensiv.entitlements */ = {isa = PBXFileReference; lastKnownFileType = text.plist.entitlements; path = Pensiv.entitlements; sourceTree = "<group>"; };
		BFB1500B1FB1F04A008D0BCE /* PensivTests.xctest */ = {isa = PBXFileReference; explicitFileType = wrapper.cfbundle; includeInIndex = 0; path = PensivTests.xctest; sourceTree = BUILT_PRODUCTS_DIR; };
		BFB1500F1FB1F04A008D0BCE /* PensivTests.swift */ = {isa = PBXFileReference; lastKnownFileType = sourcecode.swift; path = PensivTests.swift; sourceTree = "<group>"; };
		BFB150111FB1F04A008D0BCE /* Info.plist */ = {isa = PBXFileReference; lastKnownFileType = text.plist.xml; path = Info.plist; sourceTree = "<group>"; };
		BFB150161FB1F04A008D0BCE /* PensivUITests.xctest */ = {isa = PBXFileReference; explicitFileType = wrapper.cfbundle; includeInIndex = 0; path = PensivUITests.xctest; sourceTree = BUILT_PRODUCTS_DIR; };
		BFB1501A1FB1F04A008D0BCE /* PensivUITests.swift */ = {isa = PBXFileReference; lastKnownFileType = sourcecode.swift; path = PensivUITests.swift; sourceTree = "<group>"; };
		BFB1501C1FB1F04A008D0BCE /* Info.plist */ = {isa = PBXFileReference; lastKnownFileType = text.plist.xml; path = Info.plist; sourceTree = "<group>"; };
		BFB150281FB1F569008D0BCE /* PNode.swift */ = {isa = PBXFileReference; lastKnownFileType = sourcecode.swift; path = PNode.swift; sourceTree = "<group>"; };
		BFB1502A1FB1F574008D0BCE /* PLink.swift */ = {isa = PBXFileReference; lastKnownFileType = sourcecode.swift; path = PLink.swift; sourceTree = "<group>"; };
		BFC18F882061346A00581219 /* PNodeMap.swift */ = {isa = PBXFileReference; lastKnownFileType = sourcecode.swift; path = PNodeMap.swift; sourceTree = "<group>"; };
		BFD2B80B2008F9230043509D /* PDataManager.swift */ = {isa = PBXFileReference; lastKnownFileType = sourcecode.swift; path = PDataManager.swift; sourceTree = "<group>"; };
		BFFF40E11FC09CCD00A83D59 /* PCustomView.swift */ = {isa = PBXFileReference; lastKnownFileType = sourcecode.swift; path = PCustomView.swift; sourceTree = "<group>"; };
		D6C04BC82B1CB0440B8928BF /* Pods-Pensiv.debug.xcconfig */ = {isa = PBXFileReference; includeInIndex = 1; lastKnownFileType = text.xcconfig; name = "Pods-Pensiv.debug.xcconfig"; path = "Pods/Target Support Files/Pods-Pensiv/Pods-Pensiv.debug.xcconfig"; sourceTree = "<group>"; };
		E1B64440433443826258EA44 /* Pods-PensivTests.release.xcconfig */ = {isa = PBXFileReference; includeInIndex = 1; lastKnownFileType = text.xcconfig; name = "Pods-PensivTests.release.xcconfig"; path = "Pods/Target Support Files/Pods-PensivTests/Pods-PensivTests.release.xcconfig"; sourceTree = "<group>"; };
		EBB027BC88739A6B87204E8E /* Pods-PensivUITests.release.xcconfig */ = {isa = PBXFileReference; includeInIndex = 1; lastKnownFileType = text.xcconfig; name = "Pods-PensivUITests.release.xcconfig"; path = "Pods/Target Support Files/Pods-PensivUITests/Pods-PensivUITests.release.xcconfig"; sourceTree = "<group>"; };
		F4AD94C9AE9C8BDEF1BF1F91 /* Pods-PensivUITests.debug.xcconfig */ = {isa = PBXFileReference; includeInIndex = 1; lastKnownFileType = text.xcconfig; name = "Pods-PensivUITests.debug.xcconfig"; path = "Pods/Target Support Files/Pods-PensivUITests/Pods-PensivUITests.debug.xcconfig"; sourceTree = "<group>"; };
/* End PBXFileReference section */

/* Begin PBXFrameworksBuildPhase section */
		BFB14FF31FB1F049008D0BCE /* Frameworks */ = {
			isa = PBXFrameworksBuildPhase;
			buildActionMask = 2147483647;
			files = (
				75BFB02A3DD147ADA5D536A4 /* Pods_Pensiv.framework in Frameworks */,
			);
			runOnlyForDeploymentPostprocessing = 0;
		};
		BFB150081FB1F04A008D0BCE /* Frameworks */ = {
			isa = PBXFrameworksBuildPhase;
			buildActionMask = 2147483647;
			files = (
				D8C4004C1EC18549B362C055 /* Pods_PensivTests.framework in Frameworks */,
			);
			runOnlyForDeploymentPostprocessing = 0;
		};
		BFB150131FB1F04A008D0BCE /* Frameworks */ = {
			isa = PBXFrameworksBuildPhase;
			buildActionMask = 2147483647;
			files = (
				6D96A6D38CBD01936B15F1AA /* Pods_PensivUITests.framework in Frameworks */,
			);
			runOnlyForDeploymentPostprocessing = 0;
		};
/* End PBXFrameworksBuildPhase section */

/* Begin PBXGroup section */
		0FB9AA02CD389144C4A499B0 /* Frameworks */ = {
			isa = PBXGroup;
			children = (
				1659FEF55C078500372B467C /* Pods_Pensiv.framework */,
				B3101B677C23271C50C1C900 /* Pods_PensivTests.framework */,
				2DB0A5E8AD6C890F53B2F75F /* Pods_PensivUITests.framework */,
			);
			name = Frameworks;
			sourceTree = "<group>";
		};
		90BB9F39B8DD3C425C04BFB5 /* Pods */ = {
			isa = PBXGroup;
			children = (
				D6C04BC82B1CB0440B8928BF /* Pods-Pensiv.debug.xcconfig */,
				0F925F66C094AA95B7625064 /* Pods-Pensiv.release.xcconfig */,
				4F91D93FBF7FF743D86B7FC0 /* Pods-PensivTests.debug.xcconfig */,
				E1B64440433443826258EA44 /* Pods-PensivTests.release.xcconfig */,
				F4AD94C9AE9C8BDEF1BF1F91 /* Pods-PensivUITests.debug.xcconfig */,
				EBB027BC88739A6B87204E8E /* Pods-PensivUITests.release.xcconfig */,
			);
			name = Pods;
			sourceTree = "<group>";
		};
		BFB14FED1FB1F049008D0BCE = {
			isa = PBXGroup;
			children = (
				BFB14FF81FB1F049008D0BCE /* Pensiv */,
				BFB1500E1FB1F04A008D0BCE /* PensivTests */,
				BFB150191FB1F04A008D0BCE /* PensivUITests */,
				BFB14FF71FB1F049008D0BCE /* Products */,
				90BB9F39B8DD3C425C04BFB5 /* Pods */,
				0FB9AA02CD389144C4A499B0 /* Frameworks */,
			);
			sourceTree = "<group>";
		};
		BFB14FF71FB1F049008D0BCE /* Products */ = {
			isa = PBXGroup;
			children = (
				BFB14FF61FB1F049008D0BCE /* Pensiv.app */,
				BFB1500B1FB1F04A008D0BCE /* PensivTests.xctest */,
				BFB150161FB1F04A008D0BCE /* PensivUITests.xctest */,
			);
			name = Products;
			sourceTree = "<group>";
		};
		BFB14FF81FB1F049008D0BCE /* Pensiv */ = {
			isa = PBXGroup;
			children = (
				BFB14FF91FB1F049008D0BCE /* AppDelegate.swift */,
				BFB14FFB1FB1F049008D0BCE /* ViewController.swift */,
				BFFF40E11FC09CCD00A83D59 /* PCustomView.swift */,
				BFD2B80B2008F9230043509D /* PDataManager.swift */,
				BFB150281FB1F569008D0BCE /* PNode.swift */,
				BF9BE8662032059A00F2B269 /* PTextNode.swift */,
				BF4B28312010F61200FE943B /* PCrawlingNode.swift */,
				BFB1502A1FB1F574008D0BCE /* PLink.swift */,
				BFC18F882061346A00581219 /* PNodeMap.swift */,
				BFB150001FB1F049008D0BCE /* Assets.xcassets */,
				BFB150021FB1F049008D0BCE /* Main.storyboard */,
				BFB150051FB1F049008D0BCE /* Info.plist */,
				BFB150061FB1F049008D0BCE /* Pensiv.entitlements */,
				BFB14FFD1FB1F049008D0BCE /* Pensiv.xcdatamodeld */,
				BF907E7D200D207D002257D3 /* WordCrawlingDemo.swift */,
			);
			path = Pensiv;
			sourceTree = "<group>";
		};
		BFB1500E1FB1F04A008D0BCE /* PensivTests */ = {
			isa = PBXGroup;
			children = (
				BFB1500F1FB1F04A008D0BCE /* PensivTests.swift */,
				BFB150111FB1F04A008D0BCE /* Info.plist */,
			);
			path = PensivTests;
			sourceTree = "<group>";
		};
		BFB150191FB1F04A008D0BCE /* PensivUITests */ = {
			isa = PBXGroup;
			children = (
				BFB1501A1FB1F04A008D0BCE /* PensivUITests.swift */,
				BFB1501C1FB1F04A008D0BCE /* Info.plist */,
			);
			path = PensivUITests;
			sourceTree = "<group>";
		};
/* End PBXGroup section */

/* Begin PBXNativeTarget section */
		BFB14FF51FB1F049008D0BCE /* Pensiv */ = {
			isa = PBXNativeTarget;
			buildConfigurationList = BFB1501F1FB1F04A008D0BCE /* Build configuration list for PBXNativeTarget "Pensiv" */;
			buildPhases = (
				FE8104F27436B882AF4A0551 /* [CP] Check Pods Manifest.lock */,
				BFB14FF21FB1F049008D0BCE /* Sources */,
				BFB14FF31FB1F049008D0BCE /* Frameworks */,
				BFB14FF41FB1F049008D0BCE /* Resources */,
				FE1FA593C00194CD276F2A35 /* [CP] Embed Pods Frameworks */,
				1837B37C09C817222A00615F /* [CP] Copy Pods Resources */,
			);
			buildRules = (
			);
			dependencies = (
			);
			name = Pensiv;
			productName = Pensiv;
			productReference = BFB14FF61FB1F049008D0BCE /* Pensiv.app */;
			productType = "com.apple.product-type.application";
		};
		BFB1500A1FB1F04A008D0BCE /* PensivTests */ = {
			isa = PBXNativeTarget;
			buildConfigurationList = BFB150221FB1F04A008D0BCE /* Build configuration list for PBXNativeTarget "PensivTests" */;
			buildPhases = (
				1DBBF3534E6666F24B34B3C6 /* [CP] Check Pods Manifest.lock */,
				BFB150071FB1F04A008D0BCE /* Sources */,
				BFB150081FB1F04A008D0BCE /* Frameworks */,
				BFB150091FB1F04A008D0BCE /* Resources */,
				6699088BEA10B379302B6033 /* [CP] Embed Pods Frameworks */,
				3BD5FF1CEC8D1D62E782FEB3 /* [CP] Copy Pods Resources */,
			);
			buildRules = (
			);
			dependencies = (
				BFB1500D1FB1F04A008D0BCE /* PBXTargetDependency */,
			);
			name = PensivTests;
			productName = PensivTests;
			productReference = BFB1500B1FB1F04A008D0BCE /* PensivTests.xctest */;
			productType = "com.apple.product-type.bundle.unit-test";
		};
		BFB150151FB1F04A008D0BCE /* PensivUITests */ = {
			isa = PBXNativeTarget;
			buildConfigurationList = BFB150251FB1F04A008D0BCE /* Build configuration list for PBXNativeTarget "PensivUITests" */;
			buildPhases = (
				382D3C70AE0BD41CF8114B97 /* [CP] Check Pods Manifest.lock */,
				BFB150121FB1F04A008D0BCE /* Sources */,
				BFB150131FB1F04A008D0BCE /* Frameworks */,
				BFB150141FB1F04A008D0BCE /* Resources */,
				BEF5C493BCB1C417D01770C1 /* [CP] Embed Pods Frameworks */,
				9408D2067DCFAA0B45989D08 /* [CP] Copy Pods Resources */,
			);
			buildRules = (
			);
			dependencies = (
				BFB150181FB1F04A008D0BCE /* PBXTargetDependency */,
			);
			name = PensivUITests;
			productName = PensivUITests;
			productReference = BFB150161FB1F04A008D0BCE /* PensivUITests.xctest */;
			productType = "com.apple.product-type.bundle.ui-testing";
		};
/* End PBXNativeTarget section */

/* Begin PBXProject section */
		BFB14FEE1FB1F049008D0BCE /* Project object */ = {
			isa = PBXProject;
			attributes = {
				LastSwiftUpdateCheck = 0910;
				LastUpgradeCheck = 0910;
				ORGANIZATIONNAME = MyloiMellanc;
				TargetAttributes = {
					BFB14FF51FB1F049008D0BCE = {
						CreatedOnToolsVersion = 9.1;
						ProvisioningStyle = Automatic;
					};
					BFB1500A1FB1F04A008D0BCE = {
						CreatedOnToolsVersion = 9.1;
						ProvisioningStyle = Automatic;
						TestTargetID = BFB14FF51FB1F049008D0BCE;
					};
					BFB150151FB1F04A008D0BCE = {
						CreatedOnToolsVersion = 9.1;
						ProvisioningStyle = Automatic;
						TestTargetID = BFB14FF51FB1F049008D0BCE;
					};
				};
			};
			buildConfigurationList = BFB14FF11FB1F049008D0BCE /* Build configuration list for PBXProject "Pensiv" */;
			compatibilityVersion = "Xcode 8.0";
			developmentRegion = en;
			hasScannedForEncodings = 0;
			knownRegions = (
				en,
				Base,
			);
			mainGroup = BFB14FED1FB1F049008D0BCE;
			productRefGroup = BFB14FF71FB1F049008D0BCE /* Products */;
			projectDirPath = "";
			projectRoot = "";
			targets = (
				BFB14FF51FB1F049008D0BCE /* Pensiv */,
				BFB1500A1FB1F04A008D0BCE /* PensivTests */,
				BFB150151FB1F04A008D0BCE /* PensivUITests */,
			);
		};
/* End PBXProject section */

/* Begin PBXResourcesBuildPhase section */
		BFB14FF41FB1F049008D0BCE /* Resources */ = {
			isa = PBXResourcesBuildPhase;
			buildActionMask = 2147483647;
			files = (
				BFB150011FB1F049008D0BCE /* Assets.xcassets in Resources */,
				BFB150041FB1F049008D0BCE /* Main.storyboard in Resources */,
			);
			runOnlyForDeploymentPostprocessing = 0;
		};
		BFB150091FB1F04A008D0BCE /* Resources */ = {
			isa = PBXResourcesBuildPhase;
			buildActionMask = 2147483647;
			files = (
			);
			runOnlyForDeploymentPostprocessing = 0;
		};
		BFB150141FB1F04A008D0BCE /* Resources */ = {
			isa = PBXResourcesBuildPhase;
			buildActionMask = 2147483647;
			files = (
			);
			runOnlyForDeploymentPostprocessing = 0;
		};
/* End PBXResourcesBuildPhase section */

/* Begin PBXShellScriptBuildPhase section */
		1837B37C09C817222A00615F /* [CP] Copy Pods Resources */ = {
			isa = PBXShellScriptBuildPhase;
			buildActionMask = 2147483647;
			files = (
			);
			inputPaths = (
			);
			name = "[CP] Copy Pods Resources";
			outputPaths = (
			);
			runOnlyForDeploymentPostprocessing = 0;
			shellPath = /bin/sh;
			shellScript = "\"${SRCROOT}/Pods/Target Support Files/Pods-Pensiv/Pods-Pensiv-resources.sh\"\n";
			showEnvVarsInLog = 0;
		};
		1DBBF3534E6666F24B34B3C6 /* [CP] Check Pods Manifest.lock */ = {
			isa = PBXShellScriptBuildPhase;
			buildActionMask = 2147483647;
			files = (
			);
			inputPaths = (
				"${PODS_PODFILE_DIR_PATH}/Podfile.lock",
				"${PODS_ROOT}/Manifest.lock",
			);
			name = "[CP] Check Pods Manifest.lock";
			outputPaths = (
				"$(DERIVED_FILE_DIR)/Pods-PensivTests-checkManifestLockResult.txt",
			);
			runOnlyForDeploymentPostprocessing = 0;
			shellPath = /bin/sh;
			shellScript = "diff \"${PODS_PODFILE_DIR_PATH}/Podfile.lock\" \"${PODS_ROOT}/Manifest.lock\" > /dev/null\nif [ $? != 0 ] ; then\n    # print error to STDERR\n    echo \"error: The sandbox is not in sync with the Podfile.lock. Run 'pod install' or update your CocoaPods installation.\" >&2\n    exit 1\nfi\n# This output is used by Xcode 'outputs' to avoid re-running this script phase.\necho \"SUCCESS\" > \"${SCRIPT_OUTPUT_FILE_0}\"\n";
			showEnvVarsInLog = 0;
		};
		382D3C70AE0BD41CF8114B97 /* [CP] Check Pods Manifest.lock */ = {
			isa = PBXShellScriptBuildPhase;
			buildActionMask = 2147483647;
			files = (
			);
			inputPaths = (
				"${PODS_PODFILE_DIR_PATH}/Podfile.lock",
				"${PODS_ROOT}/Manifest.lock",
			);
			name = "[CP] Check Pods Manifest.lock";
			outputPaths = (
				"$(DERIVED_FILE_DIR)/Pods-PensivUITests-checkManifestLockResult.txt",
			);
			runOnlyForDeploymentPostprocessing = 0;
			shellPath = /bin/sh;
			shellScript = "diff \"${PODS_PODFILE_DIR_PATH}/Podfile.lock\" \"${PODS_ROOT}/Manifest.lock\" > /dev/null\nif [ $? != 0 ] ; then\n    # print error to STDERR\n    echo \"error: The sandbox is not in sync with the Podfile.lock. Run 'pod install' or update your CocoaPods installation.\" >&2\n    exit 1\nfi\n# This output is used by Xcode 'outputs' to avoid re-running this script phase.\necho \"SUCCESS\" > \"${SCRIPT_OUTPUT_FILE_0}\"\n";
			showEnvVarsInLog = 0;
		};
		3BD5FF1CEC8D1D62E782FEB3 /* [CP] Copy Pods Resources */ = {
			isa = PBXShellScriptBuildPhase;
			buildActionMask = 2147483647;
			files = (
			);
			inputPaths = (
			);
			name = "[CP] Copy Pods Resources";
			outputPaths = (
			);
			runOnlyForDeploymentPostprocessing = 0;
			shellPath = /bin/sh;
			shellScript = "\"${SRCROOT}/Pods/Target Support Files/Pods-PensivTests/Pods-PensivTests-resources.sh\"\n";
			showEnvVarsInLog = 0;
		};
		6699088BEA10B379302B6033 /* [CP] Embed Pods Frameworks */ = {
			isa = PBXShellScriptBuildPhase;
			buildActionMask = 2147483647;
			files = (
			);
			inputPaths = (
			);
			name = "[CP] Embed Pods Frameworks";
			outputPaths = (
			);
			runOnlyForDeploymentPostprocessing = 0;
			shellPath = /bin/sh;
			shellScript = "\"${SRCROOT}/Pods/Target Support Files/Pods-PensivTests/Pods-PensivTests-frameworks.sh\"\n";
			showEnvVarsInLog = 0;
		};
		9408D2067DCFAA0B45989D08 /* [CP] Copy Pods Resources */ = {
			isa = PBXShellScriptBuildPhase;
			buildActionMask = 2147483647;
			files = (
			);
			inputPaths = (
			);
			name = "[CP] Copy Pods Resources";
			outputPaths = (
			);
			runOnlyForDeploymentPostprocessing = 0;
			shellPath = /bin/sh;
			shellScript = "\"${SRCROOT}/Pods/Target Support Files/Pods-PensivUITests/Pods-PensivUITests-resources.sh\"\n";
			showEnvVarsInLog = 0;
		};
		BEF5C493BCB1C417D01770C1 /* [CP] Embed Pods Frameworks */ = {
			isa = PBXShellScriptBuildPhase;
			buildActionMask = 2147483647;
			files = (
			);
			inputPaths = (
			);
			name = "[CP] Embed Pods Frameworks";
			outputPaths = (
			);
			runOnlyForDeploymentPostprocessing = 0;
			shellPath = /bin/sh;
			shellScript = "\"${SRCROOT}/Pods/Target Support Files/Pods-PensivUITests/Pods-PensivUITests-frameworks.sh\"\n";
			showEnvVarsInLog = 0;
		};
		FE1FA593C00194CD276F2A35 /* [CP] Embed Pods Frameworks */ = {
			isa = PBXShellScriptBuildPhase;
			buildActionMask = 2147483647;
			files = (
			);
			inputPaths = (
				"${SRCROOT}/Pods/Target Support Files/Pods-Pensiv/Pods-Pensiv-frameworks.sh",
				"${BUILT_PRODUCTS_DIR}/Kanna/Kanna.framework",
			);
			name = "[CP] Embed Pods Frameworks";
			outputPaths = (
				"${TARGET_BUILD_DIR}/${FRAMEWORKS_FOLDER_PATH}/Kanna.framework",
			);
			runOnlyForDeploymentPostprocessing = 0;
			shellPath = /bin/sh;
			shellScript = "\"${SRCROOT}/Pods/Target Support Files/Pods-Pensiv/Pods-Pensiv-frameworks.sh\"\n";
			showEnvVarsInLog = 0;
		};
		FE8104F27436B882AF4A0551 /* [CP] Check Pods Manifest.lock */ = {
			isa = PBXShellScriptBuildPhase;
			buildActionMask = 2147483647;
			files = (
			);
			inputPaths = (
				"${PODS_PODFILE_DIR_PATH}/Podfile.lock",
				"${PODS_ROOT}/Manifest.lock",
			);
			name = "[CP] Check Pods Manifest.lock";
			outputPaths = (
				"$(DERIVED_FILE_DIR)/Pods-Pensiv-checkManifestLockResult.txt",
			);
			runOnlyForDeploymentPostprocessing = 0;
			shellPath = /bin/sh;
			shellScript = "diff \"${PODS_PODFILE_DIR_PATH}/Podfile.lock\" \"${PODS_ROOT}/Manifest.lock\" > /dev/null\nif [ $? != 0 ] ; then\n    # print error to STDERR\n    echo \"error: The sandbox is not in sync with the Podfile.lock. Run 'pod install' or update your CocoaPods installation.\" >&2\n    exit 1\nfi\n# This output is used by Xcode 'outputs' to avoid re-running this script phase.\necho \"SUCCESS\" > \"${SCRIPT_OUTPUT_FILE_0}\"\n";
			showEnvVarsInLog = 0;
		};
/* End PBXShellScriptBuildPhase section */

/* Begin PBXSourcesBuildPhase section */
		BFB14FF21FB1F049008D0BCE /* Sources */ = {
			isa = PBXSourcesBuildPhase;
			buildActionMask = 2147483647;
			files = (
				BF9BE8672032059A00F2B269 /* PTextNode.swift in Sources */,
				BF907E7E200D207D002257D3 /* WordCrawlingDemo.swift in Sources */,
				BFB150291FB1F569008D0BCE /* PNode.swift in Sources */,
				BFFF40E21FC09CCD00A83D59 /* PCustomView.swift in Sources */,
				BFB1502B1FB1F574008D0BCE /* PLink.swift in Sources */,
				BFC18F892061346A00581219 /* PNodeMap.swift in Sources */,
				BFB14FFC1FB1F049008D0BCE /* ViewController.swift in Sources */,
				BFB14FFA1FB1F049008D0BCE /* AppDelegate.swift in Sources */,
				BFD2B80C2008F9230043509D /* PDataManager.swift in Sources */,
				BF4B28322010F61200FE943B /* PCrawlingNode.swift in Sources */,
				BFB14FFF1FB1F049008D0BCE /* Pensiv.xcdatamodeld in Sources */,
			);
			runOnlyForDeploymentPostprocessing = 0;
		};
		BFB150071FB1F04A008D0BCE /* Sources */ = {
			isa = PBXSourcesBuildPhase;
			buildActionMask = 2147483647;
			files = (
				BFB150101FB1F04A008D0BCE /* PensivTests.swift in Sources */,
			);
			runOnlyForDeploymentPostprocessing = 0;
		};
		BFB150121FB1F04A008D0BCE /* Sources */ = {
			isa = PBXSourcesBuildPhase;
			buildActionMask = 2147483647;
			files = (
				BFB1501B1FB1F04A008D0BCE /* PensivUITests.swift in Sources */,
			);
			runOnlyForDeploymentPostprocessing = 0;
		};
/* End PBXSourcesBuildPhase section */

/* Begin PBXTargetDependency section */
		BFB1500D1FB1F04A008D0BCE /* PBXTargetDependency */ = {
			isa = PBXTargetDependency;
			target = BFB14FF51FB1F049008D0BCE /* Pensiv */;
			targetProxy = BFB1500C1FB1F04A008D0BCE /* PBXContainerItemProxy */;
		};
		BFB150181FB1F04A008D0BCE /* PBXTargetDependency */ = {
			isa = PBXTargetDependency;
			target = BFB14FF51FB1F049008D0BCE /* Pensiv */;
			targetProxy = BFB150171FB1F04A008D0BCE /* PBXContainerItemProxy */;
		};
/* End PBXTargetDependency section */

/* Begin PBXVariantGroup section */
		BFB150021FB1F049008D0BCE /* Main.storyboard */ = {
			isa = PBXVariantGroup;
			children = (
				BFB150031FB1F049008D0BCE /* Base */,
			);
			name = Main.storyboard;
			sourceTree = "<group>";
		};
/* End PBXVariantGroup section */

/* Begin XCBuildConfiguration section */
		BFB1501D1FB1F04A008D0BCE /* Debug */ = {
			isa = XCBuildConfiguration;
			buildSettings = {
				ALWAYS_SEARCH_USER_PATHS = NO;
				CLANG_ANALYZER_NONNULL = YES;
				CLANG_ANALYZER_NUMBER_OBJECT_CONVERSION = YES_AGGRESSIVE;
				CLANG_CXX_LANGUAGE_STANDARD = "gnu++14";
				CLANG_CXX_LIBRARY = "libc++";
				CLANG_ENABLE_MODULES = YES;
				CLANG_ENABLE_OBJC_ARC = YES;
				CLANG_WARN_BLOCK_CAPTURE_AUTORELEASING = YES;
				CLANG_WARN_BOOL_CONVERSION = YES;
				CLANG_WARN_COMMA = YES;
				CLANG_WARN_CONSTANT_CONVERSION = YES;
				CLANG_WARN_DIRECT_OBJC_ISA_USAGE = YES_ERROR;
				CLANG_WARN_DOCUMENTATION_COMMENTS = YES;
				CLANG_WARN_EMPTY_BODY = YES;
				CLANG_WARN_ENUM_CONVERSION = YES;
				CLANG_WARN_INFINITE_RECURSION = YES;
				CLANG_WARN_INT_CONVERSION = YES;
				CLANG_WARN_NON_LITERAL_NULL_CONVERSION = YES;
				CLANG_WARN_OBJC_LITERAL_CONVERSION = YES;
				CLANG_WARN_OBJC_ROOT_CLASS = YES_ERROR;
				CLANG_WARN_RANGE_LOOP_ANALYSIS = YES;
				CLANG_WARN_STRICT_PROTOTYPES = YES;
				CLANG_WARN_SUSPICIOUS_MOVE = YES;
				CLANG_WARN_UNGUARDED_AVAILABILITY = YES_AGGRESSIVE;
				CLANG_WARN_UNREACHABLE_CODE = YES;
				CLANG_WARN__DUPLICATE_METHOD_MATCH = YES;
				CODE_SIGN_IDENTITY = "-";
				COPY_PHASE_STRIP = NO;
				DEBUG_INFORMATION_FORMAT = dwarf;
				ENABLE_STRICT_OBJC_MSGSEND = YES;
				ENABLE_TESTABILITY = YES;
				GCC_C_LANGUAGE_STANDARD = gnu11;
				GCC_DYNAMIC_NO_PIC = NO;
				GCC_NO_COMMON_BLOCKS = YES;
				GCC_OPTIMIZATION_LEVEL = 0;
				GCC_PREPROCESSOR_DEFINITIONS = (
					"DEBUG=1",
					"$(inherited)",
				);
				GCC_WARN_64_TO_32_BIT_CONVERSION = YES;
				GCC_WARN_ABOUT_RETURN_TYPE = YES_ERROR;
				GCC_WARN_UNDECLARED_SELECTOR = YES;
				GCC_WARN_UNINITIALIZED_AUTOS = YES_AGGRESSIVE;
				GCC_WARN_UNUSED_FUNCTION = YES;
				GCC_WARN_UNUSED_VARIABLE = YES;
				MACOSX_DEPLOYMENT_TARGET = 10.12;
				MTL_ENABLE_DEBUG_INFO = YES;
				ONLY_ACTIVE_ARCH = YES;
				SDKROOT = macosx;
				SWIFT_ACTIVE_COMPILATION_CONDITIONS = DEBUG;
				SWIFT_OPTIMIZATION_LEVEL = "-Onone";
			};
			name = Debug;
		};
		BFB1501E1FB1F04A008D0BCE /* Release */ = {
			isa = XCBuildConfiguration;
			buildSettings = {
				ALWAYS_SEARCH_USER_PATHS = NO;
				CLANG_ANALYZER_NONNULL = YES;
				CLANG_ANALYZER_NUMBER_OBJECT_CONVERSION = YES_AGGRESSIVE;
				CLANG_CXX_LANGUAGE_STANDARD = "gnu++14";
				CLANG_CXX_LIBRARY = "libc++";
				CLANG_ENABLE_MODULES = YES;
				CLANG_ENABLE_OBJC_ARC = YES;
				CLANG_WARN_BLOCK_CAPTURE_AUTORELEASING = YES;
				CLANG_WARN_BOOL_CONVERSION = YES;
				CLANG_WARN_COMMA = YES;
				CLANG_WARN_CONSTANT_CONVERSION = YES;
				CLANG_WARN_DIRECT_OBJC_ISA_USAGE = YES_ERROR;
				CLANG_WARN_DOCUMENTATION_COMMENTS = YES;
				CLANG_WARN_EMPTY_BODY = YES;
				CLANG_WARN_ENUM_CONVERSION = YES;
				CLANG_WARN_INFINITE_RECURSION = YES;
				CLANG_WARN_INT_CONVERSION = YES;
				CLANG_WARN_NON_LITERAL_NULL_CONVERSION = YES;
				CLANG_WARN_OBJC_LITERAL_CONVERSION = YES;
				CLANG_WARN_OBJC_ROOT_CLASS = YES_ERROR;
				CLANG_WARN_RANGE_LOOP_ANALYSIS = YES;
				CLANG_WARN_STRICT_PROTOTYPES = YES;
				CLANG_WARN_SUSPICIOUS_MOVE = YES;
				CLANG_WARN_UNGUARDED_AVAILABILITY = YES_AGGRESSIVE;
				CLANG_WARN_UNREACHABLE_CODE = YES;
				CLANG_WARN__DUPLICATE_METHOD_MATCH = YES;
				CODE_SIGN_IDENTITY = "-";
				COPY_PHASE_STRIP = NO;
				DEBUG_INFORMATION_FORMAT = "dwarf-with-dsym";
				ENABLE_NS_ASSERTIONS = NO;
				ENABLE_STRICT_OBJC_MSGSEND = YES;
				GCC_C_LANGUAGE_STANDARD = gnu11;
				GCC_NO_COMMON_BLOCKS = YES;
				GCC_WARN_64_TO_32_BIT_CONVERSION = YES;
				GCC_WARN_ABOUT_RETURN_TYPE = YES_ERROR;
				GCC_WARN_UNDECLARED_SELECTOR = YES;
				GCC_WARN_UNINITIALIZED_AUTOS = YES_AGGRESSIVE;
				GCC_WARN_UNUSED_FUNCTION = YES;
				GCC_WARN_UNUSED_VARIABLE = YES;
				MACOSX_DEPLOYMENT_TARGET = 10.12;
				MTL_ENABLE_DEBUG_INFO = NO;
				SDKROOT = macosx;
				SWIFT_OPTIMIZATION_LEVEL = "-Owholemodule";
			};
			name = Release;
		};
		BFB150201FB1F04A008D0BCE /* Debug */ = {
			isa = XCBuildConfiguration;
			baseConfigurationReference = D6C04BC82B1CB0440B8928BF /* Pods-Pensiv.debug.xcconfig */;
			buildSettings = {
				ASSETCATALOG_COMPILER_APPICON_NAME = AppIcon;
				CODE_SIGN_ENTITLEMENTS = Pensiv/Pensiv.entitlements;
				CODE_SIGN_STYLE = Automatic;
				COMBINE_HIDPI_IMAGES = YES;
				INFOPLIST_FILE = Pensiv/Info.plist;
				LD_RUNPATH_SEARCH_PATHS = "$(inherited) @executable_path/../Frameworks";
				PRODUCT_BUNDLE_IDENTIFIER = prototype.Pensiv;
				PRODUCT_NAME = "$(TARGET_NAME)";
				SWIFT_VERSION = 4.0;
			};
			name = Debug;
		};
		BFB150211FB1F04A008D0BCE /* Release */ = {
			isa = XCBuildConfiguration;
			baseConfigurationReference = 0F925F66C094AA95B7625064 /* Pods-Pensiv.release.xcconfig */;
			buildSettings = {
				ASSETCATALOG_COMPILER_APPICON_NAME = AppIcon;
				CODE_SIGN_ENTITLEMENTS = Pensiv/Pensiv.entitlements;
				CODE_SIGN_STYLE = Automatic;
				COMBINE_HIDPI_IMAGES = YES;
				INFOPLIST_FILE = Pensiv/Info.plist;
				LD_RUNPATH_SEARCH_PATHS = "$(inherited) @executable_path/../Frameworks";
				PRODUCT_BUNDLE_IDENTIFIER = prototype.Pensiv;
				PRODUCT_NAME = "$(TARGET_NAME)";
				SWIFT_VERSION = 4.0;
			};
			name = Release;
		};
		BFB150231FB1F04A008D0BCE /* Debug */ = {
			isa = XCBuildConfiguration;
			baseConfigurationReference = 4F91D93FBF7FF743D86B7FC0 /* Pods-PensivTests.debug.xcconfig */;
			buildSettings = {
				ALWAYS_EMBED_SWIFT_STANDARD_LIBRARIES = YES;
				BUNDLE_LOADER = "$(TEST_HOST)";
				CODE_SIGN_STYLE = Automatic;
				COMBINE_HIDPI_IMAGES = YES;
				INFOPLIST_FILE = PensivTests/Info.plist;
				LD_RUNPATH_SEARCH_PATHS = "$(inherited) @executable_path/../Frameworks @loader_path/../Frameworks";
				PRODUCT_BUNDLE_IDENTIFIER = prototype.PensivTests;
				PRODUCT_NAME = "$(TARGET_NAME)";
				SWIFT_VERSION = 4.0;
				TEST_HOST = "$(BUILT_PRODUCTS_DIR)/Pensiv.app/Contents/MacOS/Pensiv";
			};
			name = Debug;
		};
		BFB150241FB1F04A008D0BCE /* Release */ = {
			isa = XCBuildConfiguration;
			baseConfigurationReference = E1B64440433443826258EA44 /* Pods-PensivTests.release.xcconfig */;
			buildSettings = {
				ALWAYS_EMBED_SWIFT_STANDARD_LIBRARIES = YES;
				BUNDLE_LOADER = "$(TEST_HOST)";
				CODE_SIGN_STYLE = Automatic;
				COMBINE_HIDPI_IMAGES = YES;
				INFOPLIST_FILE = PensivTests/Info.plist;
				LD_RUNPATH_SEARCH_PATHS = "$(inherited) @executable_path/../Frameworks @loader_path/../Frameworks";
				PRODUCT_BUNDLE_IDENTIFIER = prototype.PensivTests;
				PRODUCT_NAME = "$(TARGET_NAME)";
				SWIFT_VERSION = 4.0;
				TEST_HOST = "$(BUILT_PRODUCTS_DIR)/Pensiv.app/Contents/MacOS/Pensiv";
			};
			name = Release;
		};
		BFB150261FB1F04A008D0BCE /* Debug */ = {
			isa = XCBuildConfiguration;
			baseConfigurationReference = F4AD94C9AE9C8BDEF1BF1F91 /* Pods-PensivUITests.debug.xcconfig */;
			buildSettings = {
				ALWAYS_EMBED_SWIFT_STANDARD_LIBRARIES = YES;
				CODE_SIGN_STYLE = Automatic;
				COMBINE_HIDPI_IMAGES = YES;
				INFOPLIST_FILE = PensivUITests/Info.plist;
				LD_RUNPATH_SEARCH_PATHS = "$(inherited) @executable_path/../Frameworks @loader_path/../Frameworks";
				PRODUCT_BUNDLE_IDENTIFIER = prototype.PensivUITests;
				PRODUCT_NAME = "$(TARGET_NAME)";
				SWIFT_VERSION = 4.0;
				TEST_TARGET_NAME = Pensiv;
			};
			name = Debug;
		};
		BFB150271FB1F04A008D0BCE /* Release */ = {
			isa = XCBuildConfiguration;
			baseConfigurationReference = EBB027BC88739A6B87204E8E /* Pods-PensivUITests.release.xcconfig */;
			buildSettings = {
				ALWAYS_EMBED_SWIFT_STANDARD_LIBRARIES = YES;
				CODE_SIGN_STYLE = Automatic;
				COMBINE_HIDPI_IMAGES = YES;
				INFOPLIST_FILE = PensivUITests/Info.plist;
				LD_RUNPATH_SEARCH_PATHS = "$(inherited) @executable_path/../Frameworks @loader_path/../Frameworks";
				PRODUCT_BUNDLE_IDENTIFIER = prototype.PensivUITests;
				PRODUCT_NAME = "$(TARGET_NAME)";
				SWIFT_VERSION = 4.0;
				TEST_TARGET_NAME = Pensiv;
			};
			name = Release;
		};
/* End XCBuildConfiguration section */

/* Begin XCConfigurationList section */
		BFB14FF11FB1F049008D0BCE /* Build configuration list for PBXProject "Pensiv" */ = {
			isa = XCConfigurationList;
			buildConfigurations = (
				BFB1501D1FB1F04A008D0BCE /* Debug */,
				BFB1501E1FB1F04A008D0BCE /* Release */,
			);
			defaultConfigurationIsVisible = 0;
			defaultConfigurationName = Release;
		};
		BFB1501F1FB1F04A008D0BCE /* Build configuration list for PBXNativeTarget "Pensiv" */ = {
			isa = XCConfigurationList;
			buildConfigurations = (
				BFB150201FB1F04A008D0BCE /* Debug */,
				BFB150211FB1F04A008D0BCE /* Release */,
			);
			defaultConfigurationIsVisible = 0;
			defaultConfigurationName = Release;
		};
		BFB150221FB1F04A008D0BCE /* Build configuration list for PBXNativeTarget "PensivTests" */ = {
			isa = XCConfigurationList;
			buildConfigurations = (
				BFB150231FB1F04A008D0BCE /* Debug */,
				BFB150241FB1F04A008D0BCE /* Release */,
			);
			defaultConfigurationIsVisible = 0;
			defaultConfigurationName = Release;
		};
		BFB150251FB1F04A008D0BCE /* Build configuration list for PBXNativeTarget "PensivUITests" */ = {
			isa = XCConfigurationList;
			buildConfigurations = (
				BFB150261FB1F04A008D0BCE /* Debug */,
				BFB150271FB1F04A008D0BCE /* Release */,
			);
			defaultConfigurationIsVisible = 0;
			defaultConfigurationName = Release;
		};
/* End XCConfigurationList section */

/* Begin XCVersionGroup section */
		BFB14FFD1FB1F049008D0BCE /* Pensiv.xcdatamodeld */ = {
			isa = XCVersionGroup;
			children = (
				BFB14FFE1FB1F049008D0BCE /* Pensiv.xcdatamodel */,
			);
			currentVersion = BFB14FFE1FB1F049008D0BCE /* Pensiv.xcdatamodel */;
			path = Pensiv.xcdatamodeld;
			sourceTree = "<group>";
			versionGroupType = wrapper.xcdatamodel;
		};
/* End XCVersionGroup section */
	};
	rootObject = BFB14FEE1FB1F049008D0BCE /* Project object */;
}
